// !$*UTF8*$!
{
	archiveVersion = 1;
	classes = {
	};
	objectVersion = 50;
	objects = {

/* Begin PBXBuildFile section */
		DB1A869826A7EA6700E34E43 /* MockLocationCertification.swift in Sources */ = {isa = PBXBuildFile; fileRef = DB1A869726A7EA6700E34E43 /* MockLocationCertification.swift */; };
		DB45AC522695CD6100D7AC61 /* Int+Extension.swift in Sources */ = {isa = PBXBuildFile; fileRef = DB45AC512695CD6100D7AC61 /* Int+Extension.swift */; };
		DB7ACAEF26A54F0900D048F8 /* DispatchQueue+Extension.swift in Sources */ = {isa = PBXBuildFile; fileRef = DB7ACAEE26A54F0900D048F8 /* DispatchQueue+Extension.swift */; };
		DB7ACB1126A58EF300D048F8 /* LocationButtonView.swift in Sources */ = {isa = PBXBuildFile; fileRef = DB7ACB1026A58EF300D048F8 /* LocationButtonView.swift */; };
		DB7ACB1326A59D9100D048F8 /* LocationListView.swift in Sources */ = {isa = PBXBuildFile; fileRef = DB7ACB1226A59D9100D048F8 /* LocationListView.swift */; };
		DB7ACB1526A59E3100D048F8 /* LocationListLoader.swift in Sources */ = {isa = PBXBuildFile; fileRef = DB7ACB1426A59E3100D048F8 /* LocationListLoader.swift */; };
		DB7ACB1826A5BE0A00D048F8 /* PopulationLoader.swift in Sources */ = {isa = PBXBuildFile; fileRef = DB7ACB1726A5BE0A00D048F8 /* PopulationLoader.swift */; };
		DBB8D679269484D70000A088 /* AppDelegate.swift in Sources */ = {isa = PBXBuildFile; fileRef = DBB8D678269484D70000A088 /* AppDelegate.swift */; };
		DBB8D67B269484D70000A088 /* SceneDelegate.swift in Sources */ = {isa = PBXBuildFile; fileRef = DBB8D67A269484D70000A088 /* SceneDelegate.swift */; };
		DBB8D67D269484D70000A088 /* SellerListViewController.swift in Sources */ = {isa = PBXBuildFile; fileRef = DBB8D67C269484D70000A088 /* SellerListViewController.swift */; };
		DBB8D682269484D80000A088 /* Assets.xcassets in Resources */ = {isa = PBXBuildFile; fileRef = DBB8D681269484D80000A088 /* Assets.xcassets */; };
		DBB8D685269484D80000A088 /* LaunchScreen.storyboard in Resources */ = {isa = PBXBuildFile; fileRef = DBB8D683269484D80000A088 /* LaunchScreen.storyboard */; };
		DBB8D68E269487790000A088 /* SellerView.xib in Resources */ = {isa = PBXBuildFile; fileRef = DBB8D68D269487790000A088 /* SellerView.xib */; };
		DBB8D69026948CC40000A088 /* StateLabel.swift in Sources */ = {isa = PBXBuildFile; fileRef = DBB8D68F26948CC40000A088 /* StateLabel.swift */; };
		DBB8D692269493B10000A088 /* SellerView.swift in Sources */ = {isa = PBXBuildFile; fileRef = DBB8D691269493B10000A088 /* SellerView.swift */; };
		DBB8D6942694951A0000A088 /* SellerTableViewCell.swift in Sources */ = {isa = PBXBuildFile; fileRef = DBB8D6932694951A0000A088 /* SellerTableViewCell.swift */; };
		DBB8D696269495F20000A088 /* HomeTab.storyboard in Resources */ = {isa = PBXBuildFile; fileRef = DBB8D695269495F20000A088 /* HomeTab.storyboard */; };
		DBB8D69B26949A730000A088 /* SellerModel.swift in Sources */ = {isa = PBXBuildFile; fileRef = DBB8D69A26949A730000A088 /* SellerModel.swift */; };
		DBB8D69E26949AA60000A088 /* MockSeller.swift in Sources */ = {isa = PBXBuildFile; fileRef = DBB8D69D26949AA60000A088 /* MockSeller.swift */; };
		DBC8830F269DB765000C24FD /* SellerInfoLoader.swift in Sources */ = {isa = PBXBuildFile; fileRef = DBC8830E269DB765000C24FD /* SellerInfoLoader.swift */; };
		DBDE484226A178F900CF5BEB /* SellerViewType.swift in Sources */ = {isa = PBXBuildFile; fileRef = DBDE484126A178F900CF5BEB /* SellerViewType.swift */; };
		DBDE484626A18AB200CF5BEB /* TopAlertView.xib in Resources */ = {isa = PBXBuildFile; fileRef = DBDE484526A18AB200CF5BEB /* TopAlertView.xib */; };
		DBDE484826A18DA400CF5BEB /* TopAlertView.swift in Sources */ = {isa = PBXBuildFile; fileRef = DBDE484726A18DA400CF5BEB /* TopAlertView.swift */; };
		DBDE484A26A18EDF00CF5BEB /* UIView+Extension.swift in Sources */ = {isa = PBXBuildFile; fileRef = DBDE484926A18EDF00CF5BEB /* UIView+Extension.swift */; };
		DBDE484D26A194D700CF5BEB /* SurveyLoader.swift in Sources */ = {isa = PBXBuildFile; fileRef = DBDE484C26A194D700CF5BEB /* SurveyLoader.swift */; };
		DBDE484F26A1959100CF5BEB /* MockSurvey.swift in Sources */ = {isa = PBXBuildFile; fileRef = DBDE484E26A1959100CF5BEB /* MockSurvey.swift */; };
		DBDE485126A196B700CF5BEB /* TopAlertModel.swift in Sources */ = {isa = PBXBuildFile; fileRef = DBDE485026A196B700CF5BEB /* TopAlertModel.swift */; };
		DBDE485326A19B2500CF5BEB /* Notification.Name+Extension.swift in Sources */ = {isa = PBXBuildFile; fileRef = DBDE485226A19B2500CF5BEB /* Notification.Name+Extension.swift */; };
		DBDE485526A19D2D00CF5BEB /* TopAlertTableViewCell.swift in Sources */ = {isa = PBXBuildFile; fileRef = DBDE485426A19D2D00CF5BEB /* TopAlertTableViewCell.swift */; };
/* End PBXBuildFile section */

/* Begin PBXFileReference section */
		DB1A869726A7EA6700E34E43 /* MockLocationCertification.swift */ = {isa = PBXFileReference; lastKnownFileType = sourcecode.swift; path = MockLocationCertification.swift; sourceTree = "<group>"; };
		DB45AC512695CD6100D7AC61 /* Int+Extension.swift */ = {isa = PBXFileReference; lastKnownFileType = sourcecode.swift; path = "Int+Extension.swift"; sourceTree = "<group>"; };
		DB7ACAEE26A54F0900D048F8 /* DispatchQueue+Extension.swift */ = {isa = PBXFileReference; lastKnownFileType = sourcecode.swift; path = "DispatchQueue+Extension.swift"; sourceTree = "<group>"; };
		DB7ACB1026A58EF300D048F8 /* LocationButtonView.swift */ = {isa = PBXFileReference; lastKnownFileType = sourcecode.swift; path = LocationButtonView.swift; sourceTree = "<group>"; };
		DB7ACB1226A59D9100D048F8 /* LocationListView.swift */ = {isa = PBXFileReference; lastKnownFileType = sourcecode.swift; path = LocationListView.swift; sourceTree = "<group>"; };
		DB7ACB1426A59E3100D048F8 /* LocationListLoader.swift */ = {isa = PBXFileReference; lastKnownFileType = sourcecode.swift; path = LocationListLoader.swift; sourceTree = "<group>"; };
		DB7ACB1726A5BE0A00D048F8 /* PopulationLoader.swift */ = {isa = PBXFileReference; lastKnownFileType = sourcecode.swift; path = PopulationLoader.swift; sourceTree = "<group>"; };
		DBB8D675269484D70000A088 /* CarrotSample.app */ = {isa = PBXFileReference; explicitFileType = wrapper.application; includeInIndex = 0; path = CarrotSample.app; sourceTree = BUILT_PRODUCTS_DIR; };
		DBB8D678269484D70000A088 /* AppDelegate.swift */ = {isa = PBXFileReference; lastKnownFileType = sourcecode.swift; path = AppDelegate.swift; sourceTree = "<group>"; };
		DBB8D67A269484D70000A088 /* SceneDelegate.swift */ = {isa = PBXFileReference; lastKnownFileType = sourcecode.swift; path = SceneDelegate.swift; sourceTree = "<group>"; };
		DBB8D67C269484D70000A088 /* SellerListViewController.swift */ = {isa = PBXFileReference; lastKnownFileType = sourcecode.swift; path = SellerListViewController.swift; sourceTree = "<group>"; };
		DBB8D681269484D80000A088 /* Assets.xcassets */ = {isa = PBXFileReference; lastKnownFileType = folder.assetcatalog; path = Assets.xcassets; sourceTree = "<group>"; };
		DBB8D684269484D80000A088 /* Base */ = {isa = PBXFileReference; lastKnownFileType = file.storyboard; name = Base; path = Base.lproj/LaunchScreen.storyboard; sourceTree = "<group>"; };
		DBB8D686269484D80000A088 /* Info.plist */ = {isa = PBXFileReference; lastKnownFileType = text.plist.xml; path = Info.plist; sourceTree = "<group>"; };
		DBB8D68D269487790000A088 /* SellerView.xib */ = {isa = PBXFileReference; lastKnownFileType = file.xib; path = SellerView.xib; sourceTree = "<group>"; };
		DBB8D68F26948CC40000A088 /* StateLabel.swift */ = {isa = PBXFileReference; lastKnownFileType = sourcecode.swift; path = StateLabel.swift; sourceTree = "<group>"; };
		DBB8D691269493B10000A088 /* SellerView.swift */ = {isa = PBXFileReference; lastKnownFileType = sourcecode.swift; path = SellerView.swift; sourceTree = "<group>"; };
		DBB8D6932694951A0000A088 /* SellerTableViewCell.swift */ = {isa = PBXFileReference; lastKnownFileType = sourcecode.swift; path = SellerTableViewCell.swift; sourceTree = "<group>"; };
		DBB8D695269495F20000A088 /* HomeTab.storyboard */ = {isa = PBXFileReference; lastKnownFileType = file.storyboard; path = HomeTab.storyboard; sourceTree = "<group>"; };
		DBB8D69A26949A730000A088 /* SellerModel.swift */ = {isa = PBXFileReference; lastKnownFileType = sourcecode.swift; path = SellerModel.swift; sourceTree = "<group>"; };
		DBB8D69D26949AA60000A088 /* MockSeller.swift */ = {isa = PBXFileReference; lastKnownFileType = sourcecode.swift; path = MockSeller.swift; sourceTree = "<group>"; };
		DBC8830E269DB765000C24FD /* SellerInfoLoader.swift */ = {isa = PBXFileReference; lastKnownFileType = sourcecode.swift; path = SellerInfoLoader.swift; sourceTree = "<group>"; };
		DBDE484126A178F900CF5BEB /* SellerViewType.swift */ = {isa = PBXFileReference; lastKnownFileType = sourcecode.swift; path = SellerViewType.swift; sourceTree = "<group>"; };
		DBDE484526A18AB200CF5BEB /* TopAlertView.xib */ = {isa = PBXFileReference; lastKnownFileType = file.xib; path = TopAlertView.xib; sourceTree = "<group>"; };
		DBDE484726A18DA400CF5BEB /* TopAlertView.swift */ = {isa = PBXFileReference; lastKnownFileType = sourcecode.swift; path = TopAlertView.swift; sourceTree = "<group>"; };
		DBDE484926A18EDF00CF5BEB /* UIView+Extension.swift */ = {isa = PBXFileReference; lastKnownFileType = sourcecode.swift; path = "UIView+Extension.swift"; sourceTree = "<group>"; };
		DBDE484C26A194D700CF5BEB /* SurveyLoader.swift */ = {isa = PBXFileReference; lastKnownFileType = sourcecode.swift; path = SurveyLoader.swift; sourceTree = "<group>"; };
		DBDE484E26A1959100CF5BEB /* MockSurvey.swift */ = {isa = PBXFileReference; lastKnownFileType = sourcecode.swift; path = MockSurvey.swift; sourceTree = "<group>"; };
		DBDE485026A196B700CF5BEB /* TopAlertModel.swift */ = {isa = PBXFileReference; lastKnownFileType = sourcecode.swift; path = TopAlertModel.swift; sourceTree = "<group>"; };
		DBDE485226A19B2500CF5BEB /* Notification.Name+Extension.swift */ = {isa = PBXFileReference; lastKnownFileType = sourcecode.swift; path = "Notification.Name+Extension.swift"; sourceTree = "<group>"; };
		DBDE485426A19D2D00CF5BEB /* TopAlertTableViewCell.swift */ = {isa = PBXFileReference; lastKnownFileType = sourcecode.swift; path = TopAlertTableViewCell.swift; sourceTree = "<group>"; };
/* End PBXFileReference section */

/* Begin PBXFrameworksBuildPhase section */
		DBB8D672269484D70000A088 /* Frameworks */ = {
			isa = PBXFrameworksBuildPhase;
			buildActionMask = 2147483647;
			files = (
			);
			runOnlyForDeploymentPostprocessing = 0;
		};
/* End PBXFrameworksBuildPhase section */

/* Begin PBXGroup section */
		DB45AC502695CD5800D7AC61 /* Extension */ = {
			isa = PBXGroup;
			children = (
				DB45AC512695CD6100D7AC61 /* Int+Extension.swift */,
				DBDE484926A18EDF00CF5BEB /* UIView+Extension.swift */,
				DBDE485226A19B2500CF5BEB /* Notification.Name+Extension.swift */,
				DB7ACAEE26A54F0900D048F8 /* DispatchQueue+Extension.swift */,
			);
			path = Extension;
			sourceTree = "<group>";
		};
		DBB8D66C269484D70000A088 = {
			isa = PBXGroup;
			children = (
				DBB8D677269484D70000A088 /* CarrotSample */,
				DBB8D676269484D70000A088 /* Products */,
			);
			sourceTree = "<group>";
		};
		DBB8D676269484D70000A088 /* Products */ = {
			isa = PBXGroup;
			children = (
				DBB8D675269484D70000A088 /* CarrotSample.app */,
			);
			name = Products;
			sourceTree = "<group>";
		};
		DBB8D677269484D70000A088 /* CarrotSample */ = {
			isa = PBXGroup;
			children = (
				DBB8D69C26949A900000A088 /* Mock */,
				DB45AC502695CD5800D7AC61 /* Extension */,
				DBC8830D269DB75E000C24FD /* Loader */,
				DBB8D69926949A6D0000A088 /* Model */,
				DBB8D68C2694873A0000A088 /* View */,
				DBB8D697269499950000A088 /* ViewController */,
				DBB8D698269499A20000A088 /* Storyboard */,
				DBB8D678269484D70000A088 /* AppDelegate.swift */,
				DBB8D67A269484D70000A088 /* SceneDelegate.swift */,
				DBB8D681269484D80000A088 /* Assets.xcassets */,
				DBB8D686269484D80000A088 /* Info.plist */,
			);
			path = CarrotSample;
			sourceTree = "<group>";
		};
		DBB8D68C2694873A0000A088 /* View */ = {
			isa = PBXGroup;
			children = (
				DBDE484526A18AB200CF5BEB /* TopAlertView.xib */,
				DBDE484726A18DA400CF5BEB /* TopAlertView.swift */,
				DBB8D68D269487790000A088 /* SellerView.xib */,
				DBB8D691269493B10000A088 /* SellerView.swift */,
				DBB8D68F26948CC40000A088 /* StateLabel.swift */,
				DBB8D6932694951A0000A088 /* SellerTableViewCell.swift */,
				DBDE485426A19D2D00CF5BEB /* TopAlertTableViewCell.swift */,
				DB7ACB1026A58EF300D048F8 /* LocationButtonView.swift */,
				DB7ACB1226A59D9100D048F8 /* LocationListView.swift */,
			);
			path = View;
			sourceTree = "<group>";
		};
		DBB8D697269499950000A088 /* ViewController */ = {
			isa = PBXGroup;
			children = (
				DBB8D67C269484D70000A088 /* SellerListViewController.swift */,
			);
			path = ViewController;
			sourceTree = "<group>";
		};
		DBB8D698269499A20000A088 /* Storyboard */ = {
			isa = PBXGroup;
			children = (
				DBB8D695269495F20000A088 /* HomeTab.storyboard */,
				DBB8D683269484D80000A088 /* LaunchScreen.storyboard */,
			);
			path = Storyboard;
			sourceTree = "<group>";
		};
		DBB8D69926949A6D0000A088 /* Model */ = {
			isa = PBXGroup;
			children = (
				DBB8D69A26949A730000A088 /* SellerModel.swift */,
				DBDE485026A196B700CF5BEB /* TopAlertModel.swift */,
				DBDE484126A178F900CF5BEB /* SellerViewType.swift */,
			);
			path = Model;
			sourceTree = "<group>";
		};
		DBB8D69C26949A900000A088 /* Mock */ = {
			isa = PBXGroup;
			children = (
				DBB8D69D26949AA60000A088 /* MockSeller.swift */,
				DBDE484E26A1959100CF5BEB /* MockSurvey.swift */,
				DB1A869726A7EA6700E34E43 /* MockLocationCertification.swift */,
			);
			path = Mock;
			sourceTree = "<group>";
		};
		DBC8830D269DB75E000C24FD /* Loader */ = {
			isa = PBXGroup;
			children = (
				DBC8830E269DB765000C24FD /* SellerInfoLoader.swift */,
				DB7ACB1426A59E3100D048F8 /* LocationListLoader.swift */,
				DBDE484C26A194D700CF5BEB /* SurveyLoader.swift */,
				DB7ACB1726A5BE0A00D048F8 /* PopulationLoader.swift */,
			);
			path = Loader;
			sourceTree = "<group>";
		};
/* End PBXGroup section */

/* Begin PBXNativeTarget section */
		DBB8D674269484D70000A088 /* CarrotSample */ = {
			isa = PBXNativeTarget;
			buildConfigurationList = DBB8D689269484D80000A088 /* Build configuration list for PBXNativeTarget "CarrotSample" */;
			buildPhases = (
				DBB8D671269484D70000A088 /* Sources */,
				DBB8D672269484D70000A088 /* Frameworks */,
				DBB8D673269484D70000A088 /* Resources */,
			);
			buildRules = (
			);
			dependencies = (
			);
			name = CarrotSample;
			productName = CarrotSample;
			productReference = DBB8D675269484D70000A088 /* CarrotSample.app */;
			productType = "com.apple.product-type.application";
		};
/* End PBXNativeTarget section */

/* Begin PBXProject section */
		DBB8D66D269484D70000A088 /* Project object */ = {
			isa = PBXProject;
			attributes = {
				LastSwiftUpdateCheck = 1250;
				LastUpgradeCheck = 1250;
				TargetAttributes = {
					DBB8D674269484D70000A088 = {
						CreatedOnToolsVersion = 12.5.1;
					};
				};
			};
			buildConfigurationList = DBB8D670269484D70000A088 /* Build configuration list for PBXProject "CarrotSample" */;
			compatibilityVersion = "Xcode 9.3";
			developmentRegion = en;
			hasScannedForEncodings = 0;
			knownRegions = (
				en,
				Base,
			);
			mainGroup = DBB8D66C269484D70000A088;
			productRefGroup = DBB8D676269484D70000A088 /* Products */;
			projectDirPath = "";
			projectRoot = "";
			targets = (
				DBB8D674269484D70000A088 /* CarrotSample */,
			);
		};
/* End PBXProject section */

/* Begin PBXResourcesBuildPhase section */
		DBB8D673269484D70000A088 /* Resources */ = {
			isa = PBXResourcesBuildPhase;
			buildActionMask = 2147483647;
			files = (
				DBB8D685269484D80000A088 /* LaunchScreen.storyboard in Resources */,
				DBB8D682269484D80000A088 /* Assets.xcassets in Resources */,
				DBDE484626A18AB200CF5BEB /* TopAlertView.xib in Resources */,
				DBB8D696269495F20000A088 /* HomeTab.storyboard in Resources */,
				DBB8D68E269487790000A088 /* SellerView.xib in Resources */,
			);
			runOnlyForDeploymentPostprocessing = 0;
		};
/* End PBXResourcesBuildPhase section */

/* Begin PBXSourcesBuildPhase section */
		DBB8D671269484D70000A088 /* Sources */ = {
			isa = PBXSourcesBuildPhase;
			buildActionMask = 2147483647;
			files = (
				DBDE485326A19B2500CF5BEB /* Notification.Name+Extension.swift in Sources */,
				DB7ACAEF26A54F0900D048F8 /* DispatchQueue+Extension.swift in Sources */,
				DBB8D6942694951A0000A088 /* SellerTableViewCell.swift in Sources */,
				DBDE484A26A18EDF00CF5BEB /* UIView+Extension.swift in Sources */,
				DB45AC522695CD6100D7AC61 /* Int+Extension.swift in Sources */,
				DBC8830F269DB765000C24FD /* SellerInfoLoader.swift in Sources */,
				DBB8D67D269484D70000A088 /* SellerListViewController.swift in Sources */,
				DB7ACB1126A58EF300D048F8 /* LocationButtonView.swift in Sources */,
				DBB8D692269493B10000A088 /* SellerView.swift in Sources */,
				DBDE484D26A194D700CF5BEB /* SurveyLoader.swift in Sources */,
				DBB8D679269484D70000A088 /* AppDelegate.swift in Sources */,
				DBDE484F26A1959100CF5BEB /* MockSurvey.swift in Sources */,
				DBDE485526A19D2D00CF5BEB /* TopAlertTableViewCell.swift in Sources */,
				DBB8D69E26949AA60000A088 /* MockSeller.swift in Sources */,
				DB7ACB1826A5BE0A00D048F8 /* PopulationLoader.swift in Sources */,
				DBDE484226A178F900CF5BEB /* SellerViewType.swift in Sources */,
				DB7ACB1526A59E3100D048F8 /* LocationListLoader.swift in Sources */,
				DB1A869826A7EA6700E34E43 /* MockLocationCertification.swift in Sources */,
				DBDE485126A196B700CF5BEB /* TopAlertModel.swift in Sources */,
				DBDE484826A18DA400CF5BEB /* TopAlertView.swift in Sources */,
				DBB8D69026948CC40000A088 /* StateLabel.swift in Sources */,
				DB7ACB1326A59D9100D048F8 /* LocationListView.swift in Sources */,
				DBB8D67B269484D70000A088 /* SceneDelegate.swift in Sources */,
				DBB8D69B26949A730000A088 /* SellerModel.swift in Sources */,
			);
			runOnlyForDeploymentPostprocessing = 0;
		};
/* End PBXSourcesBuildPhase section */

/* Begin PBXVariantGroup section */
		DBB8D683269484D80000A088 /* LaunchScreen.storyboard */ = {
			isa = PBXVariantGroup;
			children = (
				DBB8D684269484D80000A088 /* Base */,
			);
			name = LaunchScreen.storyboard;
			sourceTree = "<group>";
		};
/* End PBXVariantGroup section */

/* Begin XCBuildConfiguration section */
		DBB8D687269484D80000A088 /* Debug */ = {
			isa = XCBuildConfiguration;
			buildSettings = {
				ALWAYS_SEARCH_USER_PATHS = NO;
				CLANG_ANALYZER_NONNULL = YES;
				CLANG_ANALYZER_NUMBER_OBJECT_CONVERSION = YES_AGGRESSIVE;
				CLANG_CXX_LANGUAGE_STANDARD = "gnu++14";
				CLANG_CXX_LIBRARY = "libc++";
				CLANG_ENABLE_MODULES = YES;
				CLANG_ENABLE_OBJC_ARC = YES;
				CLANG_ENABLE_OBJC_WEAK = YES;
				CLANG_WARN_BLOCK_CAPTURE_AUTORELEASING = YES;
				CLANG_WARN_BOOL_CONVERSION = YES;
				CLANG_WARN_COMMA = YES;
				CLANG_WARN_CONSTANT_CONVERSION = YES;
				CLANG_WARN_DEPRECATED_OBJC_IMPLEMENTATIONS = YES;
				CLANG_WARN_DIRECT_OBJC_ISA_USAGE = YES_ERROR;
				CLANG_WARN_DOCUMENTATION_COMMENTS = YES;
				CLANG_WARN_EMPTY_BODY = YES;
				CLANG_WARN_ENUM_CONVERSION = YES;
				CLANG_WARN_INFINITE_RECURSION = YES;
				CLANG_WARN_INT_CONVERSION = YES;
				CLANG_WARN_NON_LITERAL_NULL_CONVERSION = YES;
				CLANG_WARN_OBJC_IMPLICIT_RETAIN_SELF = YES;
				CLANG_WARN_OBJC_LITERAL_CONVERSION = YES;
				CLANG_WARN_OBJC_ROOT_CLASS = YES_ERROR;
				CLANG_WARN_QUOTED_INCLUDE_IN_FRAMEWORK_HEADER = YES;
				CLANG_WARN_RANGE_LOOP_ANALYSIS = YES;
				CLANG_WARN_STRICT_PROTOTYPES = YES;
				CLANG_WARN_SUSPICIOUS_MOVE = YES;
				CLANG_WARN_UNGUARDED_AVAILABILITY = YES_AGGRESSIVE;
				CLANG_WARN_UNREACHABLE_CODE = YES;
				CLANG_WARN__DUPLICATE_METHOD_MATCH = YES;
				COPY_PHASE_STRIP = NO;
				DEBUG_INFORMATION_FORMAT = dwarf;
				ENABLE_STRICT_OBJC_MSGSEND = YES;
				ENABLE_TESTABILITY = YES;
				GCC_C_LANGUAGE_STANDARD = gnu11;
				GCC_DYNAMIC_NO_PIC = NO;
				GCC_NO_COMMON_BLOCKS = YES;
				GCC_OPTIMIZATION_LEVEL = 0;
				GCC_PREPROCESSOR_DEFINITIONS = (
					"DEBUG=1",
					"$(inherited)",
				);
				GCC_WARN_64_TO_32_BIT_CONVERSION = YES;
				GCC_WARN_ABOUT_RETURN_TYPE = YES_ERROR;
				GCC_WARN_UNDECLARED_SELECTOR = YES;
				GCC_WARN_UNINITIALIZED_AUTOS = YES_AGGRESSIVE;
				GCC_WARN_UNUSED_FUNCTION = YES;
				GCC_WARN_UNUSED_VARIABLE = YES;
				IPHONEOS_DEPLOYMENT_TARGET = 11.4;
				MTL_ENABLE_DEBUG_INFO = INCLUDE_SOURCE;
				MTL_FAST_MATH = YES;
				ONLY_ACTIVE_ARCH = YES;
				SDKROOT = iphoneos;
				SWIFT_ACTIVE_COMPILATION_CONDITIONS = DEBUG;
				SWIFT_OPTIMIZATION_LEVEL = "-Onone";
			};
			name = Debug;
		};
		DBB8D688269484D80000A088 /* Release */ = {
			isa = XCBuildConfiguration;
			buildSettings = {
				ALWAYS_SEARCH_USER_PATHS = NO;
				CLANG_ANALYZER_NONNULL = YES;
				CLANG_ANALYZER_NUMBER_OBJECT_CONVERSION = YES_AGGRESSIVE;
				CLANG_CXX_LANGUAGE_STANDARD = "gnu++14";
				CLANG_CXX_LIBRARY = "libc++";
				CLANG_ENABLE_MODULES = YES;
				CLANG_ENABLE_OBJC_ARC = YES;
				CLANG_ENABLE_OBJC_WEAK = YES;
				CLANG_WARN_BLOCK_CAPTURE_AUTORELEASING = YES;
				CLANG_WARN_BOOL_CONVERSION = YES;
				CLANG_WARN_COMMA = YES;
				CLANG_WARN_CONSTANT_CONVERSION = YES;
				CLANG_WARN_DEPRECATED_OBJC_IMPLEMENTATIONS = YES;
				CLANG_WARN_DIRECT_OBJC_ISA_USAGE = YES_ERROR;
				CLANG_WARN_DOCUMENTATION_COMMENTS = YES;
				CLANG_WARN_EMPTY_BODY = YES;
				CLANG_WARN_ENUM_CONVERSION = YES;
				CLANG_WARN_INFINITE_RECURSION = YES;
				CLANG_WARN_INT_CONVERSION = YES;
				CLANG_WARN_NON_LITERAL_NULL_CONVERSION = YES;
				CLANG_WARN_OBJC_IMPLICIT_RETAIN_SELF = YES;
				CLANG_WARN_OBJC_LITERAL_CONVERSION = YES;
				CLANG_WARN_OBJC_ROOT_CLASS = YES_ERROR;
				CLANG_WARN_QUOTED_INCLUDE_IN_FRAMEWORK_HEADER = YES;
				CLANG_WARN_RANGE_LOOP_ANALYSIS = YES;
				CLANG_WARN_STRICT_PROTOTYPES = YES;
				CLANG_WARN_SUSPICIOUS_MOVE = YES;
				CLANG_WARN_UNGUARDED_AVAILABILITY = YES_AGGRESSIVE;
				CLANG_WARN_UNREACHABLE_CODE = YES;
				CLANG_WARN__DUPLICATE_METHOD_MATCH = YES;
				COPY_PHASE_STRIP = NO;
				DEBUG_INFORMATION_FORMAT = "dwarf-with-dsym";
				ENABLE_NS_ASSERTIONS = NO;
				ENABLE_STRICT_OBJC_MSGSEND = YES;
				GCC_C_LANGUAGE_STANDARD = gnu11;
				GCC_NO_COMMON_BLOCKS = YES;
				GCC_WARN_64_TO_32_BIT_CONVERSION = YES;
				GCC_WARN_ABOUT_RETURN_TYPE = YES_ERROR;
				GCC_WARN_UNDECLARED_SELECTOR = YES;
				GCC_WARN_UNINITIALIZED_AUTOS = YES_AGGRESSIVE;
				GCC_WARN_UNUSED_FUNCTION = YES;
				GCC_WARN_UNUSED_VARIABLE = YES;
				IPHONEOS_DEPLOYMENT_TARGET = 11.4;
				MTL_ENABLE_DEBUG_INFO = NO;
				MTL_FAST_MATH = YES;
				SDKROOT = iphoneos;
				SWIFT_COMPILATION_MODE = wholemodule;
				SWIFT_OPTIMIZATION_LEVEL = "-O";
				VALIDATE_PRODUCT = YES;
			};
			name = Release;
		};
		DBB8D68A269484D80000A088 /* Debug */ = {
			isa = XCBuildConfiguration;
			buildSettings = {
				ASSETCATALOG_COMPILER_APPICON_NAME = AppIcon;
				ASSETCATALOG_COMPILER_GLOBAL_ACCENT_COLOR_NAME = AccentColor;
				CODE_SIGN_STYLE = Automatic;
				DEVELOPMENT_TEAM = WVLV77R6X7;
				INFOPLIST_FILE = CarrotSample/Info.plist;
				IPHONEOS_DEPLOYMENT_TARGET = 11.4;
				LD_RUNPATH_SEARCH_PATHS = (
					"$(inherited)",
					"@executable_path/Frameworks",
				);
				PRODUCT_BUNDLE_IDENTIFIER = com.hyunsu.park.CarrotSample;
				PRODUCT_NAME = "$(TARGET_NAME)";
				SWIFT_VERSION = 5.0;
				TARGETED_DEVICE_FAMILY = "1,2";
			};
			name = Debug;
		};
		DBB8D68B269484D80000A088 /* Release */ = {
			isa = XCBuildConfiguration;
			buildSettings = {
				ASSETCATALOG_COMPILER_APPICON_NAME = AppIcon;
				ASSETCATALOG_COMPILER_GLOBAL_ACCENT_COLOR_NAME = AccentColor;
				CODE_SIGN_STYLE = Automatic;
				DEVELOPMENT_TEAM = WVLV77R6X7;
				INFOPLIST_FILE = CarrotSample/Info.plist;
				IPHONEOS_DEPLOYMENT_TARGET = 11.4;
				LD_RUNPATH_SEARCH_PATHS = (
					"$(inherited)",
					"@executable_path/Frameworks",
				);
				PRODUCT_BUNDLE_IDENTIFIER = com.hyunsu.park.CarrotSample;
				PRODUCT_NAME = "$(TARGET_NAME)";
				SWIFT_VERSION = 5.0;
				TARGETED_DEVICE_FAMILY = "1,2";
			};
			name = Release;
		};
/* End XCBuildConfiguration section */

/* Begin XCConfigurationList section */
		DBB8D670269484D70000A088 /* Build configuration list for PBXProject "CarrotSample" */ = {
			isa = XCConfigurationList;
			buildConfigurations = (
				DBB8D687269484D80000A088 /* Debug */,
				DBB8D688269484D80000A088 /* Release */,
			);
			defaultConfigurationIsVisible = 0;
			defaultConfigurationName = Release;
		};
		DBB8D689269484D80000A088 /* Build configuration list for PBXNativeTarget "CarrotSample" */ = {
			isa = XCConfigurationList;
			buildConfigurations = (
				DBB8D68A269484D80000A088 /* Debug */,
				DBB8D68B269484D80000A088 /* Release */,
			);
			defaultConfigurationIsVisible = 0;
			defaultConfigurationName = Release;
		};
/* End XCConfigurationList section */
	};
	rootObject = DBB8D66D269484D70000A088 /* Project object */;
}
